
Microsoft Visual Studio Solution File, Format Version 12.00
# Visual Studio Version 16
VisualStudioVersion = 16.0.28803.352
MinimumVisualStudioVersion = 10.0.40219.1
Project("{FAE04EC0-301F-11D3-BF4B-00C04F79EFBC}") = "Sol_Razor_Syntax", "Sol_Razor_Syntax\Sol_Razor_Syntax.csproj", "{85C81FD6-025D-455F-9345-61A1C5A9E8B5}"
EndProject
Global
	GlobalSection(SolutionConfigurationPlatforms) = preSolution
		Debug|Any CPU = Debug|Any CPU
		Release|Any CPU = Release|Any CPU
	EndGlobalSection
	GlobalSection(ProjectConfigurationPlatforms) = postSolution
		{85C81FD6-025D-455F-9345-61A1C5A9E8B5}.Debug|Any CPU.ActiveCfg = Debug|Any CPU
		{85C81FD6-025D-455F-9345-61A1C5A9E8B5}.Debug|Any CPU.Build.0 = Debug|Any CPU
		{85C81FD6-025D-455F-9345-61A1C5A9E8B5}.Release|Any CPU.ActiveCfg = Release|Any CPU
		{85C81FD6-025D-455F-9345-61A1C5A9E8B5}.Release|Any CPU.Build.0 = Release|Any CPU
	EndGlobalSection
	GlobalSection(SolutionProperties) = preSolution
		HideSolutionNode = FALSE
	EndGlobalSection
	GlobalSection(ExtensibilityGlobals) = postSolution
		SolutionGuid = {A80F529C-AAA1-420D-B234-673FA1D8F21B}
	EndGlobalSection
EndGlobal
